
Microsoft Visual Studio Solution File, Format Version 12.00
# Visual Studio Version 16
VisualStudioVersion = 16.0.31410.357
MinimumVisualStudioVersion = 10.0.40219.1
Project("{FAE04EC0-301F-11D3-BF4B-00C04F79EFBC}") = "tictactoe", "tictactoe\tictactoe.csproj", "{059DAD47-8567-4F25-B5FB-35E1396C31A4}"
EndProject
Global
	GlobalSection(SolutionConfigurationPlatforms) = preSolution
		Debug|Any CPU = Debug|Any CPU
		Release|Any CPU = Release|Any CPU
	EndGlobalSection
	GlobalSection(ProjectConfigurationPlatforms) = postSolution
		{059DAD47-8567-4F25-B5FB-35E1396C31A4}.Debug|Any CPU.ActiveCfg = Debug|Any CPU
		{059DAD47-8567-4F25-B5FB-35E1396C31A4}.Debug|Any CPU.Build.0 = Debug|Any CPU
		{059DAD47-8567-4F25-B5FB-35E1396C31A4}.Release|Any CPU.ActiveCfg = Release|Any CPU
		{059DAD47-8567-4F25-B5FB-35E1396C31A4}.Release|Any CPU.Build.0 = Release|Any CPU
	EndGlobalSection
	GlobalSection(SolutionProperties) = preSolution
		HideSolutionNode = FALSE
	EndGlobalSection
	GlobalSection(ExtensibilityGlobals) = postSolution
		SolutionGuid = {93486098-08E6-42DD-9BBE-66D2900C3955}
	EndGlobalSection
EndGlobal
